
Microsoft Visual Studio Solution File, Format Version 12.00
# Visual Studio 15
VisualStudioVersion = 15.0.28307.1585
MinimumVisualStudioVersion = 10.0.40219.1
Project("{FAE04EC0-301F-11D3-BF4B-00C04F79EFBC}") = "TestNetCore", "TestNetCore\TestNetCore.csproj", "{60DFC7E6-F3CA-46C2-AD8E-2A27317FCAC4}"
EndProject
Global
	GlobalSection(SolutionConfigurationPlatforms) = preSolution
		Debug|Any CPU = Debug|Any CPU
		Release|Any CPU = Release|Any CPU
	EndGlobalSection
	GlobalSection(ProjectConfigurationPlatforms) = postSolution
		{60DFC7E6-F3CA-46C2-AD8E-2A27317FCAC4}.Debug|Any CPU.ActiveCfg = Debug|Any CPU
		{60DFC7E6-F3CA-46C2-AD8E-2A27317FCAC4}.Debug|Any CPU.Build.0 = Debug|Any CPU
		{60DFC7E6-F3CA-46C2-AD8E-2A27317FCAC4}.Release|Any CPU.ActiveCfg = Release|Any CPU
		{60DFC7E6-F3CA-46C2-AD8E-2A27317FCAC4}.Release|Any CPU.Build.0 = Release|Any CPU
	EndGlobalSection
	GlobalSection(SolutionProperties) = preSolution
		HideSolutionNode = FALSE
	EndGlobalSection
	GlobalSection(ExtensibilityGlobals) = postSolution
		SolutionGuid = {ACCDC6FA-930F-4E08-A90E-8AA7B77A1D31}
	EndGlobalSection
EndGlobal
